
Microsoft Visual Studio Solution File, Format Version 12.00
# Visual Studio Version 17
VisualStudioVersion = 17.5.002.0
MinimumVisualStudioVersion = 10.0.40219.1
Project("{9A19103F-16F7-4668-BE54-9A1E7A4F7556}") = "chessmag", "chessmag.csproj", "{4C7F3577-2E87-4127-983C-254EC67AEBB9}"
EndProject
Global
	GlobalSection(SolutionConfigurationPlatforms) = preSolution
		Debug|Any CPU = Debug|Any CPU
		Release|Any CPU = Release|Any CPU
	EndGlobalSection
	GlobalSection(ProjectConfigurationPlatforms) = postSolution
		{4C7F3577-2E87-4127-983C-254EC67AEBB9}.Debug|Any CPU.ActiveCfg = Debug|Any CPU
		{4C7F3577-2E87-4127-983C-254EC67AEBB9}.Debug|Any CPU.Build.0 = Debug|Any CPU
		{4C7F3577-2E87-4127-983C-254EC67AEBB9}.Release|Any CPU.ActiveCfg = Release|Any CPU
		{4C7F3577-2E87-4127-983C-254EC67AEBB9}.Release|Any CPU.Build.0 = Release|Any CPU
	EndGlobalSection
	GlobalSection(SolutionProperties) = preSolution
		HideSolutionNode = FALSE
	EndGlobalSection
	GlobalSection(ExtensibilityGlobals) = postSolution
		SolutionGuid = {5B6EC75A-FF28-4C02-84E8-7ACBF6B5183A}
	EndGlobalSection
EndGlobal
